
Microsoft Visual Studio Solution File, Format Version 12.00
# Visual Studio Version 16
VisualStudioVersion = 16.0.31605.320
MinimumVisualStudioVersion = 10.0.40219.1
Project("{FAE04EC0-301F-11D3-BF4B-00C04F79EFBC}") = "WordGuessGame", "WordGuessGame\WordGuessGame.csproj", "{B50B9EF4-941D-40B2-BED3-0DC1CA0D2FB9}"
EndProject
Global
	GlobalSection(SolutionConfigurationPlatforms) = preSolution
		Debug|Any CPU = Debug|Any CPU
		Release|Any CPU = Release|Any CPU
	EndGlobalSection
	GlobalSection(ProjectConfigurationPlatforms) = postSolution
		{B50B9EF4-941D-40B2-BED3-0DC1CA0D2FB9}.Debug|Any CPU.ActiveCfg = Debug|Any CPU
		{B50B9EF4-941D-40B2-BED3-0DC1CA0D2FB9}.Debug|Any CPU.Build.0 = Debug|Any CPU
		{B50B9EF4-941D-40B2-BED3-0DC1CA0D2FB9}.Release|Any CPU.ActiveCfg = Release|Any CPU
		{B50B9EF4-941D-40B2-BED3-0DC1CA0D2FB9}.Release|Any CPU.Build.0 = Release|Any CPU
	EndGlobalSection
	GlobalSection(SolutionProperties) = preSolution
		HideSolutionNode = FALSE
	EndGlobalSection
	GlobalSection(ExtensibilityGlobals) = postSolution
		SolutionGuid = {A38ED434-1F1A-4CC0-89AF-E52D94A4CF5B}
	EndGlobalSection
EndGlobal
